
Microsoft Visual Studio Solution File, Format Version 12.00
# Visual Studio Version 17
VisualStudioVersion = 17.0.31903.59
MinimumVisualStudioVersion = 10.0.40219.1
Project("{FAE04EC0-301F-11D3-BF4B-00C04F79EFBC}") = "Terminal_BackEnd.Core", "Terminal_BackEnd.Core\Terminal_BackEnd.Core.csproj", "{C5F1F52D-E7B2-4713-A2C1-F93509415C73}"
EndProject
Project("{FAE04EC0-301F-11D3-BF4B-00C04F79EFBC}") = "Terminal_BackEnd.Infrastructure", "Terminal_BackEnd.Infrastructure\Terminal_BackEnd.Infrastructure.csproj", "{0D44739C-BE7E-4FA7-AE84-A7567D2B6B4B}"
EndProject
Project("{FAE04EC0-301F-11D3-BF4B-00C04F79EFBC}") = "Terminal_BackEnd.WebApi", "Terminal_BackEnd.WebApi\Terminal_BackEnd.WebApi.csproj", "{716D05F0-8546-4A16-8B2C-763BA763508D}"
EndProject
Global
	GlobalSection(SolutionConfigurationPlatforms) = preSolution
		Debug|Any CPU = Debug|Any CPU
		Release|Any CPU = Release|Any CPU
	EndGlobalSection
	GlobalSection(SolutionProperties) = preSolution
		HideSolutionNode = FALSE
	EndGlobalSection
	GlobalSection(ProjectConfigurationPlatforms) = postSolution
		{C5F1F52D-E7B2-4713-A2C1-F93509415C73}.Debug|Any CPU.ActiveCfg = Debug|Any CPU
		{C5F1F52D-E7B2-4713-A2C1-F93509415C73}.Debug|Any CPU.Build.0 = Debug|Any CPU
		{C5F1F52D-E7B2-4713-A2C1-F93509415C73}.Release|Any CPU.ActiveCfg = Release|Any CPU
		{C5F1F52D-E7B2-4713-A2C1-F93509415C73}.Release|Any CPU.Build.0 = Release|Any CPU
		{0D44739C-BE7E-4FA7-AE84-A7567D2B6B4B}.Debug|Any CPU.ActiveCfg = Debug|Any CPU
		{0D44739C-BE7E-4FA7-AE84-A7567D2B6B4B}.Debug|Any CPU.Build.0 = Debug|Any CPU
		{0D44739C-BE7E-4FA7-AE84-A7567D2B6B4B}.Release|Any CPU.ActiveCfg = Release|Any CPU
		{0D44739C-BE7E-4FA7-AE84-A7567D2B6B4B}.Release|Any CPU.Build.0 = Release|Any CPU
		{716D05F0-8546-4A16-8B2C-763BA763508D}.Debug|Any CPU.ActiveCfg = Debug|Any CPU
		{716D05F0-8546-4A16-8B2C-763BA763508D}.Debug|Any CPU.Build.0 = Debug|Any CPU
		{716D05F0-8546-4A16-8B2C-763BA763508D}.Release|Any CPU.ActiveCfg = Release|Any CPU
		{716D05F0-8546-4A16-8B2C-763BA763508D}.Release|Any CPU.Build.0 = Release|Any CPU
	EndGlobalSection
EndGlobal
